
Microsoft Visual Studio Solution File, Format Version 12.00
# Visual Studio 2012
Project("{FAE04EC0-301F-11D3-BF4B-00C04F79EFBC}") = "AdgisticsMotors.Report", "AdgisticsMotors.Report\AdgisticsMotors.Report.csproj", "{D6FF11CA-24AB-4775-8D5D-BCBB15373CB1}"
EndProject
Project("{FAE04EC0-301F-11D3-BF4B-00C04F79EFBC}") = "AdgisticsMotors.Report.UnitTests", "AdgisticsMotors.Report.UnitTests\AdgisticsMotors.Report.UnitTests.csproj", "{EF994E93-226F-4D51-B3A8-E24CED926B36}"
EndProject
Project("{2150E333-8FDC-42A3-9474-1A3956D46DE8}") = "Solution Items", "Solution Items", "{9FCF9ED4-0BE0-45BD-8C0B-0110133AE0A1}"
	ProjectSection(SolutionItems) = preProject
		PracticalTestSpecification.pdf = PracticalTestSpecification.pdf
	EndProjectSection
EndProject
Project("{FAE04EC0-301F-11D3-BF4B-00C04F79EFBC}") = "AdgisticsMotors.Web", "AdgisticsMotors.Web\AdgisticsMotors.Web.csproj", "{7365A78C-56DD-4ADD-887B-F810D54D5F6C}"
EndProject
Global
	GlobalSection(SolutionConfigurationPlatforms) = preSolution
		Debug|Any CPU = Debug|Any CPU
		Release|Any CPU = Release|Any CPU
	EndGlobalSection
	GlobalSection(ProjectConfigurationPlatforms) = postSolution
		{D6FF11CA-24AB-4775-8D5D-BCBB15373CB1}.Debug|Any CPU.ActiveCfg = Debug|Any CPU
		{D6FF11CA-24AB-4775-8D5D-BCBB15373CB1}.Debug|Any CPU.Build.0 = Debug|Any CPU
		{D6FF11CA-24AB-4775-8D5D-BCBB15373CB1}.Release|Any CPU.ActiveCfg = Release|Any CPU
		{D6FF11CA-24AB-4775-8D5D-BCBB15373CB1}.Release|Any CPU.Build.0 = Release|Any CPU
		{EF994E93-226F-4D51-B3A8-E24CED926B36}.Debug|Any CPU.ActiveCfg = Debug|Any CPU
		{EF994E93-226F-4D51-B3A8-E24CED926B36}.Debug|Any CPU.Build.0 = Debug|Any CPU
		{EF994E93-226F-4D51-B3A8-E24CED926B36}.Release|Any CPU.ActiveCfg = Release|Any CPU
		{EF994E93-226F-4D51-B3A8-E24CED926B36}.Release|Any CPU.Build.0 = Release|Any CPU
		{7365A78C-56DD-4ADD-887B-F810D54D5F6C}.Debug|Any CPU.ActiveCfg = Debug|Any CPU
		{7365A78C-56DD-4ADD-887B-F810D54D5F6C}.Debug|Any CPU.Build.0 = Debug|Any CPU
		{7365A78C-56DD-4ADD-887B-F810D54D5F6C}.Release|Any CPU.ActiveCfg = Release|Any CPU
		{7365A78C-56DD-4ADD-887B-F810D54D5F6C}.Release|Any CPU.Build.0 = Release|Any CPU
	EndGlobalSection
	GlobalSection(SolutionProperties) = preSolution
		HideSolutionNode = FALSE
	EndGlobalSection
EndGlobal
